
Microsoft Visual Studio Solution File, Format Version 12.00
# Visual Studio 15
VisualStudioVersion = 15.0.26124.0
MinimumVisualStudioVersion = 15.0.26124.0
Project("{FAE04EC0-301F-11D3-BF4B-00C04F79EFBC}") = "Domain", "Domain\Domain.csproj", "{4F3AF717-771C-4B75-BBD0-D2F3A1D71284}"
EndProject
Project("{FAE04EC0-301F-11D3-BF4B-00C04F79EFBC}") = "Application", "Application\Application.csproj", "{3DC8321E-5F89-4CC9-B294-36A0E1A37CBB}"
EndProject
Project("{FAE04EC0-301F-11D3-BF4B-00C04F79EFBC}") = "Persistence", "Persistence\Persistence.csproj", "{2CD06628-80A5-45DB-B073-80FD83796750}"
EndProject
Project("{FAE04EC0-301F-11D3-BF4B-00C04F79EFBC}") = "API", "API\API.csproj", "{1861C925-88CE-4E15-A411-CBBDCDD0DE0A}"
EndProject
Global
	GlobalSection(SolutionConfigurationPlatforms) = preSolution
		Debug|Any CPU = Debug|Any CPU
		Debug|x64 = Debug|x64
		Debug|x86 = Debug|x86
		Release|Any CPU = Release|Any CPU
		Release|x64 = Release|x64
		Release|x86 = Release|x86
	EndGlobalSection
	GlobalSection(SolutionProperties) = preSolution
		HideSolutionNode = FALSE
	EndGlobalSection
	GlobalSection(ProjectConfigurationPlatforms) = postSolution
		{4F3AF717-771C-4B75-BBD0-D2F3A1D71284}.Debug|Any CPU.ActiveCfg = Debug|Any CPU
		{4F3AF717-771C-4B75-BBD0-D2F3A1D71284}.Debug|Any CPU.Build.0 = Debug|Any CPU
		{4F3AF717-771C-4B75-BBD0-D2F3A1D71284}.Debug|x64.ActiveCfg = Debug|Any CPU
		{4F3AF717-771C-4B75-BBD0-D2F3A1D71284}.Debug|x64.Build.0 = Debug|Any CPU
		{4F3AF717-771C-4B75-BBD0-D2F3A1D71284}.Debug|x86.ActiveCfg = Debug|Any CPU
		{4F3AF717-771C-4B75-BBD0-D2F3A1D71284}.Debug|x86.Build.0 = Debug|Any CPU
		{4F3AF717-771C-4B75-BBD0-D2F3A1D71284}.Release|Any CPU.ActiveCfg = Release|Any CPU
		{4F3AF717-771C-4B75-BBD0-D2F3A1D71284}.Release|Any CPU.Build.0 = Release|Any CPU
		{4F3AF717-771C-4B75-BBD0-D2F3A1D71284}.Release|x64.ActiveCfg = Release|Any CPU
		{4F3AF717-771C-4B75-BBD0-D2F3A1D71284}.Release|x64.Build.0 = Release|Any CPU
		{4F3AF717-771C-4B75-BBD0-D2F3A1D71284}.Release|x86.ActiveCfg = Release|Any CPU
		{4F3AF717-771C-4B75-BBD0-D2F3A1D71284}.Release|x86.Build.0 = Release|Any CPU
		{3DC8321E-5F89-4CC9-B294-36A0E1A37CBB}.Debug|Any CPU.ActiveCfg = Debug|Any CPU
		{3DC8321E-5F89-4CC9-B294-36A0E1A37CBB}.Debug|Any CPU.Build.0 = Debug|Any CPU
		{3DC8321E-5F89-4CC9-B294-36A0E1A37CBB}.Debug|x64.ActiveCfg = Debug|Any CPU
		{3DC8321E-5F89-4CC9-B294-36A0E1A37CBB}.Debug|x64.Build.0 = Debug|Any CPU
		{3DC8321E-5F89-4CC9-B294-36A0E1A37CBB}.Debug|x86.ActiveCfg = Debug|Any CPU
		{3DC8321E-5F89-4CC9-B294-36A0E1A37CBB}.Debug|x86.Build.0 = Debug|Any CPU
		{3DC8321E-5F89-4CC9-B294-36A0E1A37CBB}.Release|Any CPU.ActiveCfg = Release|Any CPU
		{3DC8321E-5F89-4CC9-B294-36A0E1A37CBB}.Release|Any CPU.Build.0 = Release|Any CPU
		{3DC8321E-5F89-4CC9-B294-36A0E1A37CBB}.Release|x64.ActiveCfg = Release|Any CPU
		{3DC8321E-5F89-4CC9-B294-36A0E1A37CBB}.Release|x64.Build.0 = Release|Any CPU
		{3DC8321E-5F89-4CC9-B294-36A0E1A37CBB}.Release|x86.ActiveCfg = Release|Any CPU
		{3DC8321E-5F89-4CC9-B294-36A0E1A37CBB}.Release|x86.Build.0 = Release|Any CPU
		{2CD06628-80A5-45DB-B073-80FD83796750}.Debug|Any CPU.ActiveCfg = Debug|Any CPU
		{2CD06628-80A5-45DB-B073-80FD83796750}.Debug|Any CPU.Build.0 = Debug|Any CPU
		{2CD06628-80A5-45DB-B073-80FD83796750}.Debug|x64.ActiveCfg = Debug|Any CPU
		{2CD06628-80A5-45DB-B073-80FD83796750}.Debug|x64.Build.0 = Debug|Any CPU
		{2CD06628-80A5-45DB-B073-80FD83796750}.Debug|x86.ActiveCfg = Debug|Any CPU
		{2CD06628-80A5-45DB-B073-80FD83796750}.Debug|x86.Build.0 = Debug|Any CPU
		{2CD06628-80A5-45DB-B073-80FD83796750}.Release|Any CPU.ActiveCfg = Release|Any CPU
		{2CD06628-80A5-45DB-B073-80FD83796750}.Release|Any CPU.Build.0 = Release|Any CPU
		{2CD06628-80A5-45DB-B073-80FD83796750}.Release|x64.ActiveCfg = Release|Any CPU
		{2CD06628-80A5-45DB-B073-80FD83796750}.Release|x64.Build.0 = Release|Any CPU
		{2CD06628-80A5-45DB-B073-80FD83796750}.Release|x86.ActiveCfg = Release|Any CPU
		{2CD06628-80A5-45DB-B073-80FD83796750}.Release|x86.Build.0 = Release|Any CPU
		{1861C925-88CE-4E15-A411-CBBDCDD0DE0A}.Debug|Any CPU.ActiveCfg = Debug|Any CPU
		{1861C925-88CE-4E15-A411-CBBDCDD0DE0A}.Debug|Any CPU.Build.0 = Debug|Any CPU
		{1861C925-88CE-4E15-A411-CBBDCDD0DE0A}.Debug|x64.ActiveCfg = Debug|Any CPU
		{1861C925-88CE-4E15-A411-CBBDCDD0DE0A}.Debug|x64.Build.0 = Debug|Any CPU
		{1861C925-88CE-4E15-A411-CBBDCDD0DE0A}.Debug|x86.ActiveCfg = Debug|Any CPU
		{1861C925-88CE-4E15-A411-CBBDCDD0DE0A}.Debug|x86.Build.0 = Debug|Any CPU
		{1861C925-88CE-4E15-A411-CBBDCDD0DE0A}.Release|Any CPU.ActiveCfg = Release|Any CPU
		{1861C925-88CE-4E15-A411-CBBDCDD0DE0A}.Release|Any CPU.Build.0 = Release|Any CPU
		{1861C925-88CE-4E15-A411-CBBDCDD0DE0A}.Release|x64.ActiveCfg = Release|Any CPU
		{1861C925-88CE-4E15-A411-CBBDCDD0DE0A}.Release|x64.Build.0 = Release|Any CPU
		{1861C925-88CE-4E15-A411-CBBDCDD0DE0A}.Release|x86.ActiveCfg = Release|Any CPU
		{1861C925-88CE-4E15-A411-CBBDCDD0DE0A}.Release|x86.Build.0 = Release|Any CPU
	EndGlobalSection
EndGlobal
